<?xml version="1.0" encoding="utf-8"?>
<Project ToolsVersion="4.0" xmlns="http://schemas.microsoft.com/developer/msbuild/2003">
  <ItemGroup>
    <Filter Include="Исходные файлы">
      <UniqueIdentifier>{4FC737F1-C7A5-4376-A066-2A32D752A2FF}</UniqueIdentifier>
      <Extensions>cpp;c;cc;cxx;c++;cppm;ixx;def;odl;idl;hpj;bat;asm;asmx</Extensions>
    </Filter>
    <Filter Include="Файлы заголовков">
      <UniqueIdentifier>{93995380-89BD-4b04-88EB-625FBE52EBFB}</UniqueIdentifier>
      <Extensions>h;hh;hpp;hxx;h++;hm;inl;inc;ipp;xsd</Extensions>
    </Filter>
    <Filter Include="Файлы ресурсов">
      <UniqueIdentifier>{67DA6AB6-F800-4c08-8B7A-83BB121AAD01}</UniqueIdentifier>
      <Extensions>rc;ico;cur;bmp;dlg;rc2;rct;bin;rgs;gif;jpg;jpeg;jpe;resx;tiff;tif;png;wav;mfcribbon-ms</Extensions>
    </Filter>
    <Filter Include="Исходные файлы\Keyboard">
      <UniqueIdentifier>{bee0da0a-1790-4f43-940b-8089c7c96804}</UniqueIdentifier>
    </Filter>
    <Filter Include="Файлы заголовков\Keyboard">
      <UniqueIdentifier>{18bb8924-0ee9-4b18-b7ae-c371bc1ff792}</UniqueIdentifier>
    </Filter>
    <Filter Include="Исходные файлы\Mouse">
      <UniqueIdentifier>{5805740a-ccd3-4e7b-bfde-110a2ec93649}</UniqueIdentifier>
    </Filter>
    <Filter Include="Файлы заголовков\Mouse">
      <UniqueIdentifier>{8e3963af-c3e6-498b-a8bc-91f0056a1ce3}</UniqueIdentifier>
    </Filter>
    <Filter Include="Исходные файлы\RenderComponent">
      <UniqueIdentifier>{2753acb9-f7e2-40a8-9b7a-65536aef3ac8}</UniqueIdentifier>
    </Filter>
    <Filter Include="Файлы заголовков\RenderComponent">
      <UniqueIdentifier>{140ed67f-bf49-4808-a747-a4f0d548a6c1}</UniqueIdentifier>
    </Filter>
  </ItemGroup>
  <ItemGroup>
    <ClCompile Include="test.cpp">
      <Filter>Исходные файлы</Filter>
    </ClCompile>
    <ClCompile Include="Game.cpp">
      <Filter>Исходные файлы</Filter>
    </ClCompile>
    <ClCompile Include="DisplayWin32.cpp">
      <Filter>Исходные файлы</Filter>
    </ClCompile>
    <ClCompile Include="WinInput.cpp">
      <Filter>Исходные файлы</Filter>
    </ClCompile>
    <ClCompile Include="KeyboardEvent.cpp">
      <Filter>Исходные файлы\Keyboard</Filter>
    </ClCompile>
    <ClCompile Include="Keyboard.cpp">
      <Filter>Исходные файлы\Keyboard</Filter>
    </ClCompile>
    <ClCompile Include="Mouse.cpp">
      <Filter>Исходные файлы\Mouse</Filter>
    </ClCompile>
    <ClCompile Include="MouseEvent.cpp">
      <Filter>Исходные файлы\Mouse</Filter>
    </ClCompile>
    <ClCompile Include="GameComponent.cpp">
      <Filter>Исходные файлы\RenderComponent</Filter>
    </ClCompile>
    <ClCompile Include="TriangleComponent.cpp">
      <Filter>Исходные файлы\RenderComponent</Filter>
    </ClCompile>
  </ItemGroup>
  <ItemGroup>
    <ClInclude Include="Game.h">
      <Filter>Файлы заголовков</Filter>
    </ClInclude>
    <ClInclude Include="DisplayWin32.h">
      <Filter>Файлы заголовков</Filter>
    </ClInclude>
    <ClInclude Include="WinInput.h">
      <Filter>Файлы заголовков</Filter>
    </ClInclude>
    <ClInclude Include="KeyboardEvent.h">
      <Filter>Файлы заголовков\Keyboard</Filter>
    </ClInclude>
    <ClInclude Include="Keyboard.h">
      <Filter>Файлы заголовков\Keyboard</Filter>
    </ClInclude>
    <ClInclude Include="Mouse.h">
      <Filter>Файлы заголовков\Mouse</Filter>
    </ClInclude>
    <ClInclude Include="MouseEvent.h">
      <Filter>Файлы заголовков\Mouse</Filter>
    </ClInclude>
    <ClInclude Include="GameComponent.h">
      <Filter>Файлы заголовков\RenderComponent</Filter>
    </ClInclude>
    <ClInclude Include="TriangleComponent.h">
      <Filter>Файлы заголовков\RenderComponent</Filter>
    </ClInclude>
  </ItemGroup>
</Project>